
Microsoft Visual Studio Solution File, Format Version 12.00
# Visual Studio Version 18
VisualStudioVersion = 18.7.11919.86
MinimumVisualStudioVersion = 10.0.40219.1
Project("{FAE04EC0-301F-11D3-BF4B-00C04F79EFBC}") = "Raphael.Lazulite", "Raphael.Lazulite\Raphael.Lazulite.csproj", "{3AE8A7DE-812A-4119-B5EE-89527B06F75B}"
EndProject
Project("{FAE04EC0-301F-11D3-BF4B-00C04F79EFBC}") = "Raphael.Linalg32", "Raphael.Linalg32\Raphael.Linalg32.csproj", "{735AD6B0-342F-4A2F-901B-002C23097218}"
EndProject
Project("{FAE04EC0-301F-11D3-BF4B-00C04F79EFBC}") = "Raphael.Calc32", "Raphael.Calc32\Raphael.Calc32.csproj", "{8D2EA12D-073D-0CF3-80ED-EF54D825551A}"
EndProject
Project("{FAE04EC0-301F-11D3-BF4B-00C04F79EFBC}") = "LinalgBenchmarks", "Tests\LinalgBenchmarks\LinalgBenchmarks.csproj", "{69D7A8BE-4A14-04F6-06D0-D040F5DCD5F9}"
EndProject
Project("{FAE04EC0-301F-11D3-BF4B-00C04F79EFBC}") = "DocsExample", "Tests\DocsExample\DocsExample.csproj", "{AF583FBF-AD20-6560-B0C4-D74D6CD7C5FE}"
EndProject
Global
	GlobalSection(SolutionConfigurationPlatforms) = preSolution
		Debug|Any CPU = Debug|Any CPU
		Release|Any CPU = Release|Any CPU
	EndGlobalSection
	GlobalSection(ProjectConfigurationPlatforms) = postSolution
		{3AE8A7DE-812A-4119-B5EE-89527B06F75B}.Debug|Any CPU.ActiveCfg = Debug|Any CPU
		{3AE8A7DE-812A-4119-B5EE-89527B06F75B}.Debug|Any CPU.Build.0 = Debug|Any CPU
		{3AE8A7DE-812A-4119-B5EE-89527B06F75B}.Release|Any CPU.ActiveCfg = Release|Any CPU
		{3AE8A7DE-812A-4119-B5EE-89527B06F75B}.Release|Any CPU.Build.0 = Release|Any CPU
		{735AD6B0-342F-4A2F-901B-002C23097218}.Debug|Any CPU.ActiveCfg = Debug|Any CPU
		{735AD6B0-342F-4A2F-901B-002C23097218}.Debug|Any CPU.Build.0 = Debug|Any CPU
		{735AD6B0-342F-4A2F-901B-002C23097218}.Release|Any CPU.ActiveCfg = Release|Any CPU
		{735AD6B0-342F-4A2F-901B-002C23097218}.Release|Any CPU.Build.0 = Release|Any CPU
		{8D2EA12D-073D-0CF3-80ED-EF54D825551A}.Debug|Any CPU.ActiveCfg = Debug|Any CPU
		{8D2EA12D-073D-0CF3-80ED-EF54D825551A}.Debug|Any CPU.Build.0 = Debug|Any CPU
		{8D2EA12D-073D-0CF3-80ED-EF54D825551A}.Release|Any CPU.ActiveCfg = Release|Any CPU
		{8D2EA12D-073D-0CF3-80ED-EF54D825551A}.Release|Any CPU.Build.0 = Release|Any CPU
		{69D7A8BE-4A14-04F6-06D0-D040F5DCD5F9}.Debug|Any CPU.ActiveCfg = Debug|Any CPU
		{69D7A8BE-4A14-04F6-06D0-D040F5DCD5F9}.Debug|Any CPU.Build.0 = Debug|Any CPU
		{69D7A8BE-4A14-04F6-06D0-D040F5DCD5F9}.Release|Any CPU.ActiveCfg = Release|Any CPU
		{69D7A8BE-4A14-04F6-06D0-D040F5DCD5F9}.Release|Any CPU.Build.0 = Release|Any CPU
		{AF583FBF-AD20-6560-B0C4-D74D6CD7C5FE}.Debug|Any CPU.ActiveCfg = Debug|Any CPU
		{AF583FBF-AD20-6560-B0C4-D74D6CD7C5FE}.Debug|Any CPU.Build.0 = Debug|Any CPU
		{AF583FBF-AD20-6560-B0C4-D74D6CD7C5FE}.Release|Any CPU.ActiveCfg = Release|Any CPU
		{AF583FBF-AD20-6560-B0C4-D74D6CD7C5FE}.Release|Any CPU.Build.0 = Release|Any CPU
	EndGlobalSection
	GlobalSection(SolutionProperties) = preSolution
		HideSolutionNode = FALSE
	EndGlobalSection
	GlobalSection(ExtensibilityGlobals) = postSolution
		SolutionGuid = {CCA16F5A-E6B3-4073-B4D8-4F2AAA5A7294}
	EndGlobalSection
EndGlobal
